<?xml version="1.0" encoding="UTF-8" standalone="yes" ?>
<CodeBlocks_project_file>
	<FileVersion major="1" minor="6" />
	<Project>
		<Option title="Pony Fantasy" />
		<Option pch_mode="2" />
		<Option compiler="mingw" />
		<Build>
			<Target title="Debug">
				<Option output="bin/Debug/Pony Fantasy" prefix_auto="1" extension_auto="1" />
				<Option object_output="obj/Debug/" />
				<Option type="1" />
				<Option compiler="mingw" />
				<Compiler>
					<Add option="-std=c++11" />
					<Add option="-g" />
					<Add directory="D:/Repos/P_Fantasy/game" />
				</Compiler>
				<Linker>
					<Add library="sfml-graphics-d" />
					<Add library="sfml-window-d" />
					<Add library="sfml-network-d" />
					<Add library="sfml-audio-d" />
					<Add library="sfml-system-d" />
				</Linker>
			</Target>
			<Target title="Release">
				<Option output="bin/Release/Pony Fantasy" prefix_auto="1" extension_auto="1" />
				<Option object_output="obj/Release/" />
				<Option type="1" />
				<Option compiler="mingw" />
				<Compiler>
					<Add option="-O2" />
				</Compiler>
				<Linker>
					<Add option="-s" />
					<Add library="sfml-graphics" />
					<Add library="sfml-window" />
					<Add library="sfml-network" />
					<Add library="sfml-audio" />
					<Add library="sfml-system" />
				</Linker>
			</Target>
		</Build>
		<Compiler>
			<Add option="-Wall" />
			<Add option="-fexceptions" />
		</Compiler>
		<Unit filename="game/fileUtilities/load.hpp" />
		<Unit filename="game/fileUtilities/save.hpp" />
		<Unit filename="game/fileUtilities/serializeable.hpp" />
		<Unit filename="game/gameGlobals/achievementSystem/achievement.hpp" />
		<Unit filename="game/gameGlobals/achievementSystem/achievementSystemMain.hpp" />
		<Unit filename="game/gameGlobals/config.hpp" />
		<Unit filename="game/gameGlobals/console/console.cpp" />
		<Unit filename="game/gameGlobals/console/console.hpp" />
		<Unit filename="game/gameGlobals/console/consoleDataGrabber.hpp" />
		<Unit filename="game/gameGlobals/drawer/drawer.hpp" />
		<Unit filename="game/gameGlobals/extend.hpp" />
		<Unit filename="game/gameGlobals/fonts.hpp" />
		<Unit filename="game/gameGlobals/gameGlobals.hpp" />
		<Unit filename="game/gameGlobals/keyBinding/keybind.cpp" />
		<Unit filename="game/gameGlobals/keyBinding/keybind.hpp" />
		<Unit filename="game/gameGlobals/music.hpp" />
		<Unit filename="game/gameGlobals/music/musicPlayer.hpp" />
		<Unit filename="game/gameGlobals/music/playlist.hpp" />
		<Unit filename="game/gameGlobals/status.hpp" />
		<Unit filename="game/gameGlobals/topLevelGlobals.hpp" />
		<Unit filename="game/gameGlobals/updateable.hpp" />
		<Unit filename="game/gameGlobals/updater.hpp" />
		<Unit filename="game/graphic/animation/animation.hpp" />
		<Unit filename="game/graphic/animation/animationClock.hpp" />
		<Unit filename="game/graphic/animation/frame.hpp" />
		<Unit filename="game/graphic/button.hpp" />
		<Unit filename="game/graphic/error.hpp" />
		<Unit filename="game/graphic/graphic.hpp" />
		<Unit filename="game/graphic/positioning.cpp" />
		<Unit filename="game/graphic/positioning.hpp" />
		<Unit filename="game/graphic/resizeable.hpp" />
		<Unit filename="game/graphic/style.hpp" />
		<Unit filename="game/graphic/styleable.hpp" />
		<Unit filename="game/graphic/table.hpp" />
		<Unit filename="game/graphic/text.hpp" />
		<Unit filename="main.cpp" />
		<Extensions>
			<code_completion />
			<envvars />
			<debugger />
			<lib_finder disable_auto="1" />
		</Extensions>
	</Project>
</CodeBlocks_project_file>
