<?xml version="1.0" encoding="UTF-8" standalone="yes" ?>
<CodeBlocks_project_file>
	<FileVersion major="1" minor="6" />
	<Project>
		<Option title="Pony Fantasy" />
		<Option pch_mode="2" />
		<Option compiler="mingw" />
		<Build>
			<Target title="Debug">
				<Option output="bin/Debug/Pony Fantasy" prefix_auto="1" extension_auto="1" />
				<Option object_output="obj/Debug/" />
				<Option type="1" />
				<Option compiler="mingw" />
				<Compiler>
					<Add option="-std=c++11" />
					<Add option="-g" />
					<Add directory="D:/Repos/P_Fantasy/game" />
				</Compiler>
				<Linker>
					<Add library="sfml-graphics-d" />
					<Add library="sfml-window-d" />
					<Add library="sfml-network-d" />
					<Add library="sfml-audio-d" />
					<Add library="sfml-system-d" />
				</Linker>
			</Target>
			<Target title="Release">
				<Option output="bin/Release/Pony Fantasy" prefix_auto="1" extension_auto="1" />
				<Option object_output="obj/Release/" />
				<Option type="1" />
				<Option compiler="mingw" />
				<Compiler>
					<Add option="-O2" />
				</Compiler>
				<Linker>
					<Add option="-s" />
					<Add library="sfml-graphics" />
					<Add library="sfml-window" />
					<Add library="sfml-network" />
					<Add library="sfml-audio" />
					<Add library="sfml-system" />
				</Linker>
			</Target>
		</Build>
		<Compiler>
			<Add option="-Wall" />
			<Add option="-fexceptions" />
		</Compiler>
		<Unit filename="game/file_utilities/load.hpp" />
		<Unit filename="game/file_utilities/save.hpp" />
		<Unit filename="game/file_utilities/serializeable.hpp" />
		<Unit filename="game/game_globals/config.hpp" />
		<Unit filename="game/game_globals/console/console.hpp" />
		<Unit filename="game/game_globals/console/console_data_grabber.hpp" />
		<Unit filename="game/game_globals/drawer/drawer.hpp" />
		<Unit filename="game/game_globals/extend.hpp" />
		<Unit filename="game/game_globals/game_globals.hpp" />
		<Unit filename="game/game_globals/music/musicPlayer.hpp" />
		<Unit filename="game/game_globals/music/playlist.hpp" />
		<Unit filename="game/game_globals/top_level_globals.hpp" />
		<Unit filename="game/graphic/animation/animation.hpp" />
		<Unit filename="game/graphic/graphic.hpp" />
		<Unit filename="game/graphic/positioning.cpp" />
		<Unit filename="game/graphic/positioning.hpp" />
		<Unit filename="game/graphic/table.hpp" />
		<Unit filename="game/gui_level_2/error/error.hpp" />
		<Unit filename="game/main_menu/main_menu/main_menu.cpp" />
		<Unit filename="game/main_menu/main_menu/main_menu.hpp" />
		<Unit filename="game/main_menu/main_menu_list.hpp" />
		<Unit filename="game/main_menu/main_menu_load/main_menu_load.cpp" />
		<Unit filename="game/main_menu/main_menu_load/main_menu_load.hpp" />
		<Unit filename="game/main_menu/main_menu_mp_start/main_menu_mp_start.cpp" />
		<Unit filename="game/main_menu/main_menu_mp_start/main_menu_mp_start.hpp" />
		<Unit filename="game/main_menu/main_menu_settings/main_menu_settings.cpp" />
		<Unit filename="game/main_menu/main_menu_settings/main_menu_settings.hpp" />
		<Unit filename="main.cpp" />
		<Extensions>
			<code_completion />
			<envvars />
			<debugger />
			<lib_finder disable_auto="1" />
		</Extensions>
	</Project>
</CodeBlocks_project_file>
